
Microsoft Visual Studio Solution File, Format Version 12.00
# Visual Studio Version 17
VisualStudioVersion = 17.3.32922.545
MinimumVisualStudioVersion = 10.0.40219.1
Project("{9A19103F-16F7-4668-BE54-9A1E7A4F7556}") = "ICH.Server", "Server\ICH.Server.csproj", "{55868974-42FE-4E05-AF57-FC3D7D184596}"
EndProject
Project("{9A19103F-16F7-4668-BE54-9A1E7A4F7556}") = "ICH.Client", "Client\ICH.Client.csproj", "{70064F3C-DA60-44A3-A7BC-F60C190DEAD3}"
EndProject
Project("{9A19103F-16F7-4668-BE54-9A1E7A4F7556}") = "ICH.Shared", "Shared\ICH.Shared.csproj", "{5BFFFECC-4E83-43F1-8C2E-D4BD18A4804E}"
EndProject
Project("{9A19103F-16F7-4668-BE54-9A1E7A4F7556}") = "ICH.DAL", "..\ICH.DAL\ICH.DAL.csproj", "{9620E6E9-28B8-4EF7-9FB8-38D2B872DDF8}"
EndProject
Project("{9A19103F-16F7-4668-BE54-9A1E7A4F7556}") = "ICH.BLL", "..\ICH.BLL\ICH.BLL.csproj", "{26882C4B-C275-4571-84D1-B0DBAFD222F3}"
EndProject
Project("{FAE04EC0-301F-11D3-BF4B-00C04F79EFBC}") = "ICH.UnitTests", "..\ICH.UnitTests\ICH.UnitTests.csproj", "{2D4A8DAC-514F-42F8-8178-9E06BF4DEA2B}"
EndProject
Global
	GlobalSection(SolutionConfigurationPlatforms) = preSolution
		Debug|Any CPU = Debug|Any CPU
		Release|Any CPU = Release|Any CPU
	EndGlobalSection
	GlobalSection(ProjectConfigurationPlatforms) = postSolution
		{55868974-42FE-4E05-AF57-FC3D7D184596}.Debug|Any CPU.ActiveCfg = Debug|Any CPU
		{55868974-42FE-4E05-AF57-FC3D7D184596}.Debug|Any CPU.Build.0 = Debug|Any CPU
		{55868974-42FE-4E05-AF57-FC3D7D184596}.Release|Any CPU.ActiveCfg = Release|Any CPU
		{55868974-42FE-4E05-AF57-FC3D7D184596}.Release|Any CPU.Build.0 = Release|Any CPU
		{70064F3C-DA60-44A3-A7BC-F60C190DEAD3}.Debug|Any CPU.ActiveCfg = Debug|Any CPU
		{70064F3C-DA60-44A3-A7BC-F60C190DEAD3}.Debug|Any CPU.Build.0 = Debug|Any CPU
		{70064F3C-DA60-44A3-A7BC-F60C190DEAD3}.Release|Any CPU.ActiveCfg = Release|Any CPU
		{70064F3C-DA60-44A3-A7BC-F60C190DEAD3}.Release|Any CPU.Build.0 = Release|Any CPU
		{5BFFFECC-4E83-43F1-8C2E-D4BD18A4804E}.Debug|Any CPU.ActiveCfg = Debug|Any CPU
		{5BFFFECC-4E83-43F1-8C2E-D4BD18A4804E}.Debug|Any CPU.Build.0 = Debug|Any CPU
		{5BFFFECC-4E83-43F1-8C2E-D4BD18A4804E}.Release|Any CPU.ActiveCfg = Release|Any CPU
		{5BFFFECC-4E83-43F1-8C2E-D4BD18A4804E}.Release|Any CPU.Build.0 = Release|Any CPU
		{9620E6E9-28B8-4EF7-9FB8-38D2B872DDF8}.Debug|Any CPU.ActiveCfg = Debug|Any CPU
		{9620E6E9-28B8-4EF7-9FB8-38D2B872DDF8}.Debug|Any CPU.Build.0 = Debug|Any CPU
		{9620E6E9-28B8-4EF7-9FB8-38D2B872DDF8}.Release|Any CPU.ActiveCfg = Release|Any CPU
		{9620E6E9-28B8-4EF7-9FB8-38D2B872DDF8}.Release|Any CPU.Build.0 = Release|Any CPU
		{26882C4B-C275-4571-84D1-B0DBAFD222F3}.Debug|Any CPU.ActiveCfg = Debug|Any CPU
		{26882C4B-C275-4571-84D1-B0DBAFD222F3}.Debug|Any CPU.Build.0 = Debug|Any CPU
		{26882C4B-C275-4571-84D1-B0DBAFD222F3}.Release|Any CPU.ActiveCfg = Release|Any CPU
		{26882C4B-C275-4571-84D1-B0DBAFD222F3}.Release|Any CPU.Build.0 = Release|Any CPU
		{2D4A8DAC-514F-42F8-8178-9E06BF4DEA2B}.Debug|Any CPU.ActiveCfg = Debug|Any CPU
		{2D4A8DAC-514F-42F8-8178-9E06BF4DEA2B}.Debug|Any CPU.Build.0 = Debug|Any CPU
		{2D4A8DAC-514F-42F8-8178-9E06BF4DEA2B}.Release|Any CPU.ActiveCfg = Release|Any CPU
		{2D4A8DAC-514F-42F8-8178-9E06BF4DEA2B}.Release|Any CPU.Build.0 = Release|Any CPU
	EndGlobalSection
	GlobalSection(SolutionProperties) = preSolution
		HideSolutionNode = FALSE
	EndGlobalSection
	GlobalSection(ExtensibilityGlobals) = postSolution
		SolutionGuid = {667F7402-2D04-48BD-8A8A-2C044307A2EC}
	EndGlobalSection
EndGlobal
